
Microsoft Visual Studio Solution File, Format Version 12.00
# Visual Studio Version 16
VisualStudioVersion = 16.0.33214.272
MinimumVisualStudioVersion = 10.0.40219.1
Project("{9A19103F-16F7-4668-BE54-9A1E7A4F7556}") = "Mission9Bookstore_avz1016", "Mission9Bookstore_avz1016.csproj", "{0B68729D-6712-4CC1-B4D7-1EB522FE3372}"
EndProject
Global
	GlobalSection(SolutionConfigurationPlatforms) = preSolution
		Debug|Any CPU = Debug|Any CPU
		Release|Any CPU = Release|Any CPU
	EndGlobalSection
	GlobalSection(ProjectConfigurationPlatforms) = postSolution
		{0B68729D-6712-4CC1-B4D7-1EB522FE3372}.Debug|Any CPU.ActiveCfg = Debug|Any CPU
		{0B68729D-6712-4CC1-B4D7-1EB522FE3372}.Debug|Any CPU.Build.0 = Debug|Any CPU
		{0B68729D-6712-4CC1-B4D7-1EB522FE3372}.Release|Any CPU.ActiveCfg = Release|Any CPU
		{0B68729D-6712-4CC1-B4D7-1EB522FE3372}.Release|Any CPU.Build.0 = Release|Any CPU
	EndGlobalSection
	GlobalSection(SolutionProperties) = preSolution
		HideSolutionNode = FALSE
	EndGlobalSection
	GlobalSection(ExtensibilityGlobals) = postSolution
		SolutionGuid = {A8554DA6-31B7-4F59-9A03-8A51B69D12C0}
	EndGlobalSection
EndGlobal
